
Microsoft Visual Studio Solution File, Format Version 12.00
# Visual Studio Version 17
VisualStudioVersion = 17.3.32922.545
MinimumVisualStudioVersion = 10.0.40219.1
Project("{FAE04EC0-301F-11D3-BF4B-00C04F79EFBC}") = "TB_Paint", "TB_Paint\TB_Paint.csproj", "{D77BB79D-9210-413B-A60E-84020D550EF7}"
EndProject
Global
	GlobalSection(SolutionConfigurationPlatforms) = preSolution
		Debug|Any CPU = Debug|Any CPU
		Release|Any CPU = Release|Any CPU
	EndGlobalSection
	GlobalSection(ProjectConfigurationPlatforms) = postSolution
		{D77BB79D-9210-413B-A60E-84020D550EF7}.Debug|Any CPU.ActiveCfg = Debug|Any CPU
		{D77BB79D-9210-413B-A60E-84020D550EF7}.Debug|Any CPU.Build.0 = Debug|Any CPU
		{D77BB79D-9210-413B-A60E-84020D550EF7}.Release|Any CPU.ActiveCfg = Release|Any CPU
		{D77BB79D-9210-413B-A60E-84020D550EF7}.Release|Any CPU.Build.0 = Release|Any CPU
	EndGlobalSection
	GlobalSection(SolutionProperties) = preSolution
		HideSolutionNode = FALSE
	EndGlobalSection
	GlobalSection(ExtensibilityGlobals) = postSolution
		SolutionGuid = {61C1C1F3-5655-4D46-AACF-E27C391A5C01}
	EndGlobalSection
EndGlobal
